
Microsoft Visual Studio Solution File, Format Version 12.00
#
Project("{FAE04EC0-301F-11D3-BF4B-00C04F79EFBC}") = "QuickSoft.ScanCard", "src\QuickSoft.ScanCard\QuickSoft.ScanCard.csproj", "{DD7B9589-614F-4E9E-9081-FB2F171C4360}"
EndProject
Project("{2150E333-8FDC-42A3-9474-1A3956D46DE8}") = "test", "test", "{DE13E50C-896D-4B85-A2DE-78061885F5D6}"
EndProject
Project("{2150E333-8FDC-42A3-9474-1A3956D46DE8}") = "src", "src", "{CB695540-6F76-4E2A-837F-0798594CFB1E}"
EndProject
Project("{FAE04EC0-301F-11D3-BF4B-00C04F79EFBC}") = "build", "build\build.csproj", "{D9AEEFD9-9DBF-4720-BA97-4349592A7B80}"
EndProject
Project("{FAE04EC0-301F-11D3-BF4B-00C04F79EFBC}") = "QuickSoft.ScanCard.IntegrationTests", "tests\QuickSoft.ScanCard.IntegrationTests\QuickSoft.ScanCard.IntegrationTests.csproj", "{A426304F-B5D1-49CA-ABB8-4E8B781EBBD6}"
EndProject
Global
	GlobalSection(SolutionConfigurationPlatforms) = preSolution
		Debug|Any CPU = Debug|Any CPU
		Release|Any CPU = Release|Any CPU
	EndGlobalSection
	GlobalSection(ProjectConfigurationPlatforms) = postSolution
		{DD7B9589-614F-4E9E-9081-FB2F171C4360}.Debug|Any CPU.ActiveCfg = Debug|Any CPU
		{DD7B9589-614F-4E9E-9081-FB2F171C4360}.Debug|Any CPU.Build.0 = Debug|Any CPU
		{DD7B9589-614F-4E9E-9081-FB2F171C4360}.Release|Any CPU.ActiveCfg = Release|Any CPU
		{DD7B9589-614F-4E9E-9081-FB2F171C4360}.Release|Any CPU.Build.0 = Release|Any CPU
		{D9AEEFD9-9DBF-4720-BA97-4349592A7B80}.Debug|Any CPU.ActiveCfg = Debug|Any CPU
		{D9AEEFD9-9DBF-4720-BA97-4349592A7B80}.Debug|Any CPU.Build.0 = Debug|Any CPU
		{D9AEEFD9-9DBF-4720-BA97-4349592A7B80}.Release|Any CPU.ActiveCfg = Release|Any CPU
		{D9AEEFD9-9DBF-4720-BA97-4349592A7B80}.Release|Any CPU.Build.0 = Release|Any CPU
		{A426304F-B5D1-49CA-ABB8-4E8B781EBBD6}.Debug|Any CPU.ActiveCfg = Debug|Any CPU
		{A426304F-B5D1-49CA-ABB8-4E8B781EBBD6}.Debug|Any CPU.Build.0 = Debug|Any CPU
		{A426304F-B5D1-49CA-ABB8-4E8B781EBBD6}.Release|Any CPU.ActiveCfg = Release|Any CPU
		{A426304F-B5D1-49CA-ABB8-4E8B781EBBD6}.Release|Any CPU.Build.0 = Release|Any CPU
	EndGlobalSection
	GlobalSection(NestedProjects) = preSolution
		{DD7B9589-614F-4E9E-9081-FB2F171C4360} = {CB695540-6F76-4E2A-837F-0798594CFB1E}
		{A426304F-B5D1-49CA-ABB8-4E8B781EBBD6} = {DE13E50C-896D-4B85-A2DE-78061885F5D6}
	EndGlobalSection
EndGlobal
